<?xml version="1.0" encoding="UTF-8" standalone="yes" ?>
<CodeBlocks_project_file>
	<FileVersion major="1" minor="6" />
	<Project>
		<Option title="analisador_sintatico" />
		<Option pch_mode="2" />
		<Option compiler="gcc" />
		<Build>
			<Target title="Debug">
				<Option output="bin/Debug/analisador_sintatico" prefix_auto="1" extension_auto="1" />
				<Option object_output="obj/Debug/" />
				<Option type="1" />
				<Option compiler="gcc" />
				<Compiler>
					<Add option="-g" />
				</Compiler>
			</Target>
			<Target title="Release">
				<Option output="bin/Release/analisador_sintatico" prefix_auto="1" extension_auto="1" />
				<Option object_output="obj/Release/" />
				<Option type="1" />
				<Option compiler="gcc" />
				<Compiler>
					<Add option="-O2" />
				</Compiler>
				<Linker>
					<Add option="-s" />
				</Linker>
			</Target>
		</Build>
		<Compiler>
			<Add option="-Wall" />
		</Compiler>
		<Unit filename="../aux_char/aux_char.c">
			<Option compilerVar="CC" />
		</Unit>
		<Unit filename="../headers/aux_char.h" />
		<Unit filename="../headers/bool.h" />
		<Unit filename="../headers/syntatic.h" />
		<Unit filename="../headers/tables.h" />
		<Unit filename="../headers/tokenizer.h" />
		<Unit filename="../lexico/main.c">
			<Option compilerVar="CC" />
		</Unit>
		<Unit filename="../lexico/tables.c">
			<Option compilerVar="CC" />
		</Unit>
		<Unit filename="../lexico/tokenizer.c">
			<Option compilerVar="CC" />
		</Unit>
		<Unit filename="../sintatico/syntatic.c">
			<Option compilerVar="CC" />
		</Unit>
		<Extensions>
			<code_completion />
			<envvars />
			<debugger />
			<lib_finder disable_auto="1" />
		</Extensions>
	</Project>
</CodeBlocks_project_file>
